
Microsoft Visual Studio Solution File, Format Version 12.00
# Visual Studio Version 16
VisualStudioVersion = 16.0.810.25
MinimumVisualStudioVersion = 10.0.40219.1
Project("{FAE04EC0-301F-11D3-BF4B-00C04F79EFBC}") = "ADMIN_USER_LOGIN", "ADMIN_USER_LOGIN.csproj", "{F8F465DB-F9DB-44DE-879E-BB9BDA2E0F80}"
EndProject
Global
	GlobalSection(SolutionConfigurationPlatforms) = preSolution
		Debug|Any CPU = Debug|Any CPU
		Release|Any CPU = Release|Any CPU
	EndGlobalSection
	GlobalSection(ProjectConfigurationPlatforms) = postSolution
		{F8F465DB-F9DB-44DE-879E-BB9BDA2E0F80}.Debug|Any CPU.ActiveCfg = Debug|Any CPU
		{F8F465DB-F9DB-44DE-879E-BB9BDA2E0F80}.Debug|Any CPU.Build.0 = Debug|Any CPU
		{F8F465DB-F9DB-44DE-879E-BB9BDA2E0F80}.Release|Any CPU.ActiveCfg = Release|Any CPU
		{F8F465DB-F9DB-44DE-879E-BB9BDA2E0F80}.Release|Any CPU.Build.0 = Release|Any CPU
	EndGlobalSection
	GlobalSection(SolutionProperties) = preSolution
		HideSolutionNode = FALSE
	EndGlobalSection
	GlobalSection(ExtensibilityGlobals) = postSolution
		SolutionGuid = {A34E0BF5-84F3-459E-A0EF-858D30DFB331}
	EndGlobalSection
EndGlobal
